Microsoft Visual Studio Solution File, Format Version 11.00
# Visual Studio 2008

Project("{99A0628D-9F71-79C0-32E0-CF59EFBC0FAD}") = "Vision", "Assembly-CSharp.csproj", "{461C94A2-00DA-618A-4660-D7B3A6D887A9}"
EndProject
Project("{99A0628D-9F71-79C0-32E0-CF59EFBC0FAD}") = "Vision", "Assembly-CSharp-Editor.csproj", "{F7D7EC92-9FE8-26C0-D6FC-481AD2992DEF}"
EndProject
Global
	GlobalSection(SolutionConfigurationPlatforms) = preSolution
		Debug|Any CPU = Debug|Any CPU
		Release|Any CPU = Release|Any CPU
	EndGlobalSection
	GlobalSection(ProjectConfigurationPlatforms) = postSolution
		{461C94A2-00DA-618A-4660-D7B3A6D887A9}.Debug|Any CPU.ActiveCfg = Debug|Any CPU
		{461C94A2-00DA-618A-4660-D7B3A6D887A9}.Debug|Any CPU.Build.0 = Debug|Any CPU
		{461C94A2-00DA-618A-4660-D7B3A6D887A9}.Release|Any CPU.ActiveCfg = Release|Any CPU
		{461C94A2-00DA-618A-4660-D7B3A6D887A9}.Release|Any CPU.Build.0 = Release|Any CPU
		{F7D7EC92-9FE8-26C0-D6FC-481AD2992DEF}.Debug|Any CPU.ActiveCfg = Debug|Any CPU
		{F7D7EC92-9FE8-26C0-D6FC-481AD2992DEF}.Debug|Any CPU.Build.0 = Debug|Any CPU
		{F7D7EC92-9FE8-26C0-D6FC-481AD2992DEF}.Release|Any CPU.ActiveCfg = Release|Any CPU
		{F7D7EC92-9FE8-26C0-D6FC-481AD2992DEF}.Release|Any CPU.Build.0 = Release|Any CPU
	EndGlobalSection
	GlobalSection(SolutionProperties) = preSolution
		HideSolutionNode = FALSE
	EndGlobalSection
	GlobalSection(MonoDevelopProperties) = preSolution
		StartupItem = Assembly-CSharp.csproj
	EndGlobalSection
EndGlobal
